
Microsoft Visual Studio Solution File, Format Version 12.00
# Visual Studio Version 16
VisualStudioVersion = 16.0.31129.286
MinimumVisualStudioVersion = 10.0.40219.1
Project("{FAE04EC0-301F-11D3-BF4B-00C04F79EFBC}") = "YMGKWebService", "YMGKWebService\YMGKWebService.csproj", "{2D0AF5DA-72FE-4C73-A592-42D701E36952}"
EndProject
Global
	GlobalSection(SolutionConfigurationPlatforms) = preSolution
		Debug|Any CPU = Debug|Any CPU
		Release|Any CPU = Release|Any CPU
	EndGlobalSection
	GlobalSection(ProjectConfigurationPlatforms) = postSolution
		{2D0AF5DA-72FE-4C73-A592-42D701E36952}.Debug|Any CPU.ActiveCfg = Debug|Any CPU
		{2D0AF5DA-72FE-4C73-A592-42D701E36952}.Debug|Any CPU.Build.0 = Debug|Any CPU
		{2D0AF5DA-72FE-4C73-A592-42D701E36952}.Release|Any CPU.ActiveCfg = Release|Any CPU
		{2D0AF5DA-72FE-4C73-A592-42D701E36952}.Release|Any CPU.Build.0 = Release|Any CPU
	EndGlobalSection
	GlobalSection(SolutionProperties) = preSolution
		HideSolutionNode = FALSE
	EndGlobalSection
	GlobalSection(ExtensibilityGlobals) = postSolution
		SolutionGuid = {F716B0DA-D897-4A72-8F03-595E5E0DC1C6}
	EndGlobalSection
EndGlobal
